
Microsoft Visual Studio Solution File, Format Version 12.00
# Visual Studio Version 16
VisualStudioVersion = 16.0.32802.440
MinimumVisualStudioVersion = 10.0.40219.1
Project("{FAE04EC0-301F-11D3-BF4B-00C04F79EFBC}") = "Rulett", "Rulett\Rulett.csproj", "{03BB2582-4210-44A2-AC54-549729E995AE}"
EndProject
Global
	GlobalSection(SolutionConfigurationPlatforms) = preSolution
		Debug|Any CPU = Debug|Any CPU
		Release|Any CPU = Release|Any CPU
	EndGlobalSection
	GlobalSection(ProjectConfigurationPlatforms) = postSolution
		{03BB2582-4210-44A2-AC54-549729E995AE}.Debug|Any CPU.ActiveCfg = Debug|Any CPU
		{03BB2582-4210-44A2-AC54-549729E995AE}.Debug|Any CPU.Build.0 = Debug|Any CPU
		{03BB2582-4210-44A2-AC54-549729E995AE}.Release|Any CPU.ActiveCfg = Release|Any CPU
		{03BB2582-4210-44A2-AC54-549729E995AE}.Release|Any CPU.Build.0 = Release|Any CPU
	EndGlobalSection
	GlobalSection(SolutionProperties) = preSolution
		HideSolutionNode = FALSE
	EndGlobalSection
	GlobalSection(ExtensibilityGlobals) = postSolution
		SolutionGuid = {EE519967-6900-4BCB-868B-B7389B59410E}
	EndGlobalSection
EndGlobal
